dependencies:
- name: external-dns
  repository: https://kubernetes-charts.storage.googleapis.com/
  version: 2.9.0
- name: cert-manager
  repository: https://charts.jetstack.io
  version: v0.11.0
- name: nginx-ingress
  repository: https://kubernetes-charts.storage.googleapis.com/
  version: 1.24.3
digest: sha256:b5967dc9fb92ead2dc0c59511af3d679dd37c1f27e2e65e873a74092bd287b1e
generated: "2019-10-18T15:18:25.783443+01:00"
