dependencies:
- name: external-dns
  repository: https://kubernetes-charts.storage.googleapis.com/
  version: 2.9.0
- name: cert-manager
  repository: https://charts.jetstack.io/
  version: v0.11.0
- name: nginx-ingress
  repository: https://kubernetes-charts.storage.googleapis.com/
  version: 1.24.3
digest: sha256:a5ae0a4a2de23986ca586238a875087ec744dafdb75293df5080d5493376ba1c
generated: "2019-10-28T12:46:00.207621Z"
